
Microsoft Visual Studio Solution File, Format Version 12.00
# Visual Studio 14
VisualStudioVersion = 14.0.25420.1
MinimumVisualStudioVersion = 10.0.40219.1
Project("{FAE04EC0-301F-11D3-BF4B-00C04F79EFBC}") = "QuanLiNhaHang", "QuanLiNhaHang\QuanLiNhaHang.csproj", "{C4B8F322-E393-4922-8FE6-3AAE7763FB28}"
EndProject
Project("{FAE04EC0-301F-11D3-BF4B-00C04F79EFBC}") = "Model", "Model\Model.csproj", "{69B46BDE-59B9-4585-A3E9-220E2978B1B1}"
EndProject
Global
	GlobalSection(SolutionConfigurationPlatforms) = preSolution
		Debug|Any CPU = Debug|Any CPU
		Release|Any CPU = Release|Any CPU
	EndGlobalSection
	GlobalSection(ProjectConfigurationPlatforms) = postSolution
		{C4B8F322-E393-4922-8FE6-3AAE7763FB28}.Debug|Any CPU.ActiveCfg = Debug|Any CPU
		{C4B8F322-E393-4922-8FE6-3AAE7763FB28}.Debug|Any CPU.Build.0 = Debug|Any CPU
		{C4B8F322-E393-4922-8FE6-3AAE7763FB28}.Release|Any CPU.ActiveCfg = Release|Any CPU
		{C4B8F322-E393-4922-8FE6-3AAE7763FB28}.Release|Any CPU.Build.0 = Release|Any CPU
		{69B46BDE-59B9-4585-A3E9-220E2978B1B1}.Debug|Any CPU.ActiveCfg = Debug|Any CPU
		{69B46BDE-59B9-4585-A3E9-220E2978B1B1}.Debug|Any CPU.Build.0 = Debug|Any CPU
		{69B46BDE-59B9-4585-A3E9-220E2978B1B1}.Release|Any CPU.ActiveCfg = Release|Any CPU
		{69B46BDE-59B9-4585-A3E9-220E2978B1B1}.Release|Any CPU.Build.0 = Release|Any CPU
	EndGlobalSection
	GlobalSection(SolutionProperties) = preSolution
		HideSolutionNode = FALSE
	EndGlobalSection
EndGlobal
